
Microsoft Visual Studio Solution File, Format Version 12.00
# Visual Studio 2012
Project("{FAE04EC0-301F-11D3-BF4B-00C04F79EFBC}") = "calcNPrintSquareRoot", "calcNPrintSquareRoot\calcNPrintSquareRoot.csproj", "{61856696-FFD2-4E98-9628-179BC0EC96E3}"
EndProject
Project("{FAE04EC0-301F-11D3-BF4B-00C04F79EFBC}") = "methodReadNumber", "methodReadNumber\methodReadNumber.csproj", "{64458E59-C2E6-4E60-B316-923D987CB3B0}"
EndProject
Global
	GlobalSection(SolutionConfigurationPlatforms) = preSolution
		Debug|Any CPU = Debug|Any CPU
		Release|Any CPU = Release|Any CPU
	EndGlobalSection
	GlobalSection(ProjectConfigurationPlatforms) = postSolution
		{61856696-FFD2-4E98-9628-179BC0EC96E3}.Debug|Any CPU.ActiveCfg = Debug|Any CPU
		{61856696-FFD2-4E98-9628-179BC0EC96E3}.Debug|Any CPU.Build.0 = Debug|Any CPU
		{61856696-FFD2-4E98-9628-179BC0EC96E3}.Release|Any CPU.ActiveCfg = Release|Any CPU
		{61856696-FFD2-4E98-9628-179BC0EC96E3}.Release|Any CPU.Build.0 = Release|Any CPU
		{64458E59-C2E6-4E60-B316-923D987CB3B0}.Debug|Any CPU.ActiveCfg = Debug|Any CPU
		{64458E59-C2E6-4E60-B316-923D987CB3B0}.Debug|Any CPU.Build.0 = Debug|Any CPU
		{64458E59-C2E6-4E60-B316-923D987CB3B0}.Release|Any CPU.ActiveCfg = Release|Any CPU
		{64458E59-C2E6-4E60-B316-923D987CB3B0}.Release|Any CPU.Build.0 = Release|Any CPU
	EndGlobalSection
	GlobalSection(SolutionProperties) = preSolution
		HideSolutionNode = FALSE
	EndGlobalSection
EndGlobal
